
Microsoft Visual Studio Solution File, Format Version 12.00
# Visual Studio 14
VisualStudioVersion = 14.0.25420.1
MinimumVisualStudioVersion = 10.0.40219.1
Project("{FAE04EC0-301F-11D3-BF4B-00C04F79EFBC}") = "Stugo.Glue.Wcf", "Stugo.Glue.Wcf\Stugo.Glue.Wcf.csproj", "{9CF3D2BF-E5D6-494C-A666-B39877A1BC24}"
EndProject
Project("{2150E333-8FDC-42A3-9474-1A3956D46DE8}") = "Solution Items", "Solution Items", "{42459043-9F79-4272-B82E-2B6A86EAA4A8}"
	ProjectSection(SolutionItems) = preProject
		.gitattributes = .gitattributes
		.gitignore = .gitignore
		appveyor.yml = appveyor.yml
		build.cmd = build.cmd
		README.md = README.md
	EndProjectSection
EndProject
Global
	GlobalSection(SolutionConfigurationPlatforms) = preSolution
		Debug|Any CPU = Debug|Any CPU
		net40|Any CPU = net40|Any CPU
		net45|Any CPU = net45|Any CPU
	EndGlobalSection
	GlobalSection(ProjectConfigurationPlatforms) = postSolution
		{9CF3D2BF-E5D6-494C-A666-B39877A1BC24}.Debug|Any CPU.ActiveCfg = Debug|Any CPU
		{9CF3D2BF-E5D6-494C-A666-B39877A1BC24}.Debug|Any CPU.Build.0 = Debug|Any CPU
		{9CF3D2BF-E5D6-494C-A666-B39877A1BC24}.net40|Any CPU.ActiveCfg = net40|Any CPU
		{9CF3D2BF-E5D6-494C-A666-B39877A1BC24}.net40|Any CPU.Build.0 = net40|Any CPU
		{9CF3D2BF-E5D6-494C-A666-B39877A1BC24}.net45|Any CPU.ActiveCfg = net45|Any CPU
		{9CF3D2BF-E5D6-494C-A666-B39877A1BC24}.net45|Any CPU.Build.0 = net45|Any CPU
	EndGlobalSection
	GlobalSection(SolutionProperties) = preSolution
		HideSolutionNode = FALSE
	EndGlobalSection
EndGlobal
